PODS:
  - MessageDispatcher (0.1.2)

DEPENDENCIES:
  - MessageDispatcher (from `../`)

EXTERNAL SOURCES:
  MessageDispatcher:
    :path: "../"

SPEC CHECKSUMS:
  MessageDispatcher: b9274bcc65892b042adf79b1da6b1d0b6691991e

PODFILE CHECKSUM: 4bf01e8ea631d252a319bac9dbe03c98d1d5ce26

COCOAPODS: 1.7.5
